<Solution>
  <Configurations>
    <Platform Name="x64" />
    <Platform Name="x86" />
  </Configurations>
  <Project Path="Task1/Task1.vcxproj" Id="0df3716a-abfb-4f99-b1d2-5d1ae30eed4c" />
  <Project Path="Task10/Task10.vcxproj" Id="5a6e70b7-6f9e-4cf8-94cc-75bc09a3a4c5" />
  <Project Path="Task11/Task11.vcxproj" Id="96632d1d-2ad9-4c4e-a82d-0dd39906beb6" />
  <Project Path="Task12/Task12.vcxproj" Id="5076b186-7f20-4918-b3b4-06f42c77d9b6" />
  <Project Path="Task13/Task13.vcxproj" Id="868a4710-487e-4caf-8b3c-b83a3ef475c1" />
  <Project Path="Task14/Task14.vcxproj" Id="45dacdfb-0c3f-4b50-ab9f-6e300020b0a5" />
  <Project Path="Task15/Task15.vcxproj" Id="0a1c302a-a461-4471-a9e6-babb5074e672" />
  <Project Path="Task2/Task2.vcxproj" Id="61a1b253-4aff-4cc4-b111-ea18a315c689" />
  <Project Path="Task3/Task3.vcxproj" Id="7852b04c-0528-4365-bf2c-68d84b03e4c4" />
  <Project Path="Task4/Task4.vcxproj" Id="7c0454ff-4c3c-466e-91ff-215a98c86f08" />
  <Project Path="Task5/Task5.vcxproj" Id="049e5210-9fe6-4f7e-902d-cc4fdf59302e" />
  <Project Path="Task6/Task6.vcxproj" Id="51b9078f-f8e1-4232-a796-c4e38a449fa5" />
  <Project Path="Task7/Task7.vcxproj" Id="1f50c734-6364-42d6-a78e-6a14bb9c0c46" />
  <Project Path="Task8/Task8.vcxproj" Id="ff34df52-a861-4ddf-a87d-be481f245e16" />
  <Project Path="Task9/Task9.vcxproj" Id="ee54a2b5-850f-4c82-b287-c2ae9784bc8a" />
</Solution>
